
Microsoft Visual Studio Solution File, Format Version 12.00
# Visual Studio 15
VisualStudioVersion = 15.0.28307.271
MinimumVisualStudioVersion = 10.0.40219.1
Project("{FAE04EC0-301F-11D3-BF4B-00C04F79EFBC}") = "InterfaceExample", "InterfaceExample\InterfaceExample.csproj", "{19631949-7850-4FE1-B05C-B88AD5C232D7}"
EndProject
Project("{FAE04EC0-301F-11D3-BF4B-00C04F79EFBC}") = "Exam", "Exam\Exam.csproj", "{C291A007-1F42-41B3-ACA1-6A81B6761243}"
EndProject
Global
	GlobalSection(SolutionConfigurationPlatforms) = preSolution
		Debug|Any CPU = Debug|Any CPU
		Release|Any CPU = Release|Any CPU
	EndGlobalSection
	GlobalSection(ProjectConfigurationPlatforms) = postSolution
		{19631949-7850-4FE1-B05C-B88AD5C232D7}.Debug|Any CPU.ActiveCfg = Debug|Any CPU
		{19631949-7850-4FE1-B05C-B88AD5C232D7}.Debug|Any CPU.Build.0 = Debug|Any CPU
		{19631949-7850-4FE1-B05C-B88AD5C232D7}.Release|Any CPU.ActiveCfg = Release|Any CPU
		{19631949-7850-4FE1-B05C-B88AD5C232D7}.Release|Any CPU.Build.0 = Release|Any CPU
		{C291A007-1F42-41B3-ACA1-6A81B6761243}.Debug|Any CPU.ActiveCfg = Debug|Any CPU
		{C291A007-1F42-41B3-ACA1-6A81B6761243}.Debug|Any CPU.Build.0 = Debug|Any CPU
		{C291A007-1F42-41B3-ACA1-6A81B6761243}.Release|Any CPU.ActiveCfg = Release|Any CPU
		{C291A007-1F42-41B3-ACA1-6A81B6761243}.Release|Any CPU.Build.0 = Release|Any CPU
	EndGlobalSection
	GlobalSection(SolutionProperties) = preSolution
		HideSolutionNode = FALSE
	EndGlobalSection
	GlobalSection(ExtensibilityGlobals) = postSolution
		SolutionGuid = {E0F9B3F1-3028-4FEF-ABB6-FF6853601D81}
	EndGlobalSection
EndGlobal
