
Microsoft Visual Studio Solution File, Format Version 12.00
# Visual Studio 15
VisualStudioVersion = 15.0.28307.271
MinimumVisualStudioVersion = 10.0.40219.1
Project("{FAE04EC0-301F-11D3-BF4B-00C04F79EFBC}") = "AspAssig2", "AspAssig2\AspAssig2.csproj", "{2AA76E80-5DBC-4F8B-8042-37A8E27B58AF}"
EndProject
Global
	GlobalSection(SolutionConfigurationPlatforms) = preSolution
		Debug|Any CPU = Debug|Any CPU
		Release|Any CPU = Release|Any CPU
	EndGlobalSection
	GlobalSection(ProjectConfigurationPlatforms) = postSolution
		{2AA76E80-5DBC-4F8B-8042-37A8E27B58AF}.Debug|Any CPU.ActiveCfg = Debug|Any CPU
		{2AA76E80-5DBC-4F8B-8042-37A8E27B58AF}.Debug|Any CPU.Build.0 = Debug|Any CPU
		{2AA76E80-5DBC-4F8B-8042-37A8E27B58AF}.Release|Any CPU.ActiveCfg = Release|Any CPU
		{2AA76E80-5DBC-4F8B-8042-37A8E27B58AF}.Release|Any CPU.Build.0 = Release|Any CPU
	EndGlobalSection
	GlobalSection(SolutionProperties) = preSolution
		HideSolutionNode = FALSE
	EndGlobalSection
	GlobalSection(ExtensibilityGlobals) = postSolution
		SolutionGuid = {8E90FD42-9005-4B61-9F93-9D08D5D01B8C}
	EndGlobalSection
EndGlobal
