
Microsoft Visual Studio Solution File, Format Version 12.00
# Visual Studio 15
VisualStudioVersion = 15.0.28307.271
MinimumVisualStudioVersion = 10.0.40219.1
Project("{FAE04EC0-301F-11D3-BF4B-00C04F79EFBC}") = "mvcCrudWithScaf", "mvcCrudWithScaf\mvcCrudWithScaf.csproj", "{77E3EC74-32EE-482E-9B55-DC3DC9278CEE}"
EndProject
Global
	GlobalSection(SolutionConfigurationPlatforms) = preSolution
		Debug|Any CPU = Debug|Any CPU
		Release|Any CPU = Release|Any CPU
	EndGlobalSection
	GlobalSection(ProjectConfigurationPlatforms) = postSolution
		{77E3EC74-32EE-482E-9B55-DC3DC9278CEE}.Debug|Any CPU.ActiveCfg = Debug|Any CPU
		{77E3EC74-32EE-482E-9B55-DC3DC9278CEE}.Debug|Any CPU.Build.0 = Debug|Any CPU
		{77E3EC74-32EE-482E-9B55-DC3DC9278CEE}.Release|Any CPU.ActiveCfg = Release|Any CPU
		{77E3EC74-32EE-482E-9B55-DC3DC9278CEE}.Release|Any CPU.Build.0 = Release|Any CPU
	EndGlobalSection
	GlobalSection(SolutionProperties) = preSolution
		HideSolutionNode = FALSE
	EndGlobalSection
	GlobalSection(ExtensibilityGlobals) = postSolution
		SolutionGuid = {559722CC-AF02-41F1-B8ED-CE55A7614C0B}
	EndGlobalSection
EndGlobal
