
Microsoft Visual Studio Solution File, Format Version 12.00
# Visual Studio 15
VisualStudioVersion = 15.0.28307.271
MinimumVisualStudioVersion = 10.0.40219.1
Project("{FAE04EC0-301F-11D3-BF4B-00C04F79EFBC}") = "aspsession2", "aspsession2\aspsession2.csproj", "{1288949A-C94F-407E-AEDB-F32C8FC9DCF5}"
EndProject
Global
	GlobalSection(SolutionConfigurationPlatforms) = preSolution
		Debug|Any CPU = Debug|Any CPU
		Release|Any CPU = Release|Any CPU
	EndGlobalSection
	GlobalSection(ProjectConfigurationPlatforms) = postSolution
		{1288949A-C94F-407E-AEDB-F32C8FC9DCF5}.Debug|Any CPU.ActiveCfg = Debug|Any CPU
		{1288949A-C94F-407E-AEDB-F32C8FC9DCF5}.Debug|Any CPU.Build.0 = Debug|Any CPU
		{1288949A-C94F-407E-AEDB-F32C8FC9DCF5}.Release|Any CPU.ActiveCfg = Release|Any CPU
		{1288949A-C94F-407E-AEDB-F32C8FC9DCF5}.Release|Any CPU.Build.0 = Release|Any CPU
	EndGlobalSection
	GlobalSection(SolutionProperties) = preSolution
		HideSolutionNode = FALSE
	EndGlobalSection
	GlobalSection(ExtensibilityGlobals) = postSolution
		SolutionGuid = {100817F6-94F1-43F5-A5A0-46FBBD7C543D}
	EndGlobalSection
EndGlobal
