
Microsoft Visual Studio Solution File, Format Version 12.00
# Visual Studio 15
VisualStudioVersion = 15.0.28307.271
MinimumVisualStudioVersion = 10.0.40219.1
Project("{FAE04EC0-301F-11D3-BF4B-00C04F79EFBC}") = "ArraylistExample", "ArraylistExample\ArraylistExample.csproj", "{BB6BB13F-87B7-4C4A-9EFD-879AF16DAC7F}"
EndProject
Global
	GlobalSection(SolutionConfigurationPlatforms) = preSolution
		Debug|Any CPU = Debug|Any CPU
		Release|Any CPU = Release|Any CPU
	EndGlobalSection
	GlobalSection(ProjectConfigurationPlatforms) = postSolution
		{BB6BB13F-87B7-4C4A-9EFD-879AF16DAC7F}.Debug|Any CPU.ActiveCfg = Debug|Any CPU
		{BB6BB13F-87B7-4C4A-9EFD-879AF16DAC7F}.Debug|Any CPU.Build.0 = Debug|Any CPU
		{BB6BB13F-87B7-4C4A-9EFD-879AF16DAC7F}.Release|Any CPU.ActiveCfg = Release|Any CPU
		{BB6BB13F-87B7-4C4A-9EFD-879AF16DAC7F}.Release|Any CPU.Build.0 = Release|Any CPU
	EndGlobalSection
	GlobalSection(SolutionProperties) = preSolution
		HideSolutionNode = FALSE
	EndGlobalSection
	GlobalSection(ExtensibilityGlobals) = postSolution
		SolutionGuid = {48F3FE01-FA67-4073-979E-4468713EF98D}
	EndGlobalSection
EndGlobal
