
Microsoft Visual Studio Solution File, Format Version 12.00
# Visual Studio 15
VisualStudioVersion = 15.0.28307.271
MinimumVisualStudioVersion = 10.0.40219.1
Project("{FAE04EC0-301F-11D3-BF4B-00C04F79EFBC}") = "mvcscafolding", "mvcscafolding\mvcscafolding.csproj", "{490622CC-137B-4EF8-9FA1-F5DD3B89C6E3}"
EndProject
Global
	GlobalSection(SolutionConfigurationPlatforms) = preSolution
		Debug|Any CPU = Debug|Any CPU
		Release|Any CPU = Release|Any CPU
	EndGlobalSection
	GlobalSection(ProjectConfigurationPlatforms) = postSolution
		{490622CC-137B-4EF8-9FA1-F5DD3B89C6E3}.Debug|Any CPU.ActiveCfg = Debug|Any CPU
		{490622CC-137B-4EF8-9FA1-F5DD3B89C6E3}.Debug|Any CPU.Build.0 = Debug|Any CPU
		{490622CC-137B-4EF8-9FA1-F5DD3B89C6E3}.Release|Any CPU.ActiveCfg = Release|Any CPU
		{490622CC-137B-4EF8-9FA1-F5DD3B89C6E3}.Release|Any CPU.Build.0 = Release|Any CPU
	EndGlobalSection
	GlobalSection(SolutionProperties) = preSolution
		HideSolutionNode = FALSE
	EndGlobalSection
	GlobalSection(ExtensibilityGlobals) = postSolution
		SolutionGuid = {E051EB43-6B59-4CBD-9329-BB28E1DFD338}
	EndGlobalSection
EndGlobal
