
Microsoft Visual Studio Solution File, Format Version 12.00
# Visual Studio 15
VisualStudioVersion = 15.0.28307.271
MinimumVisualStudioVersion = 10.0.40219.1
Project("{FAE04EC0-301F-11D3-BF4B-00C04F79EFBC}") = "LinqAssingment1", "LinqAssingment1\LinqAssingment1.csproj", "{F95B87DF-8CBA-47EB-9E9A-7642E67B519E}"
EndProject
Global
	GlobalSection(SolutionConfigurationPlatforms) = preSolution
		Debug|Any CPU = Debug|Any CPU
		Release|Any CPU = Release|Any CPU
	EndGlobalSection
	GlobalSection(ProjectConfigurationPlatforms) = postSolution
		{F95B87DF-8CBA-47EB-9E9A-7642E67B519E}.Debug|Any CPU.ActiveCfg = Debug|Any CPU
		{F95B87DF-8CBA-47EB-9E9A-7642E67B519E}.Debug|Any CPU.Build.0 = Debug|Any CPU
		{F95B87DF-8CBA-47EB-9E9A-7642E67B519E}.Release|Any CPU.ActiveCfg = Release|Any CPU
		{F95B87DF-8CBA-47EB-9E9A-7642E67B519E}.Release|Any CPU.Build.0 = Release|Any CPU
	EndGlobalSection
	GlobalSection(SolutionProperties) = preSolution
		HideSolutionNode = FALSE
	EndGlobalSection
	GlobalSection(ExtensibilityGlobals) = postSolution
		SolutionGuid = {A9C1F4BF-AAE0-4C4C-B5C7-27722D496E8B}
	EndGlobalSection
EndGlobal
